
Microsoft Visual Studio Solution File, Format Version 12.00
# Visual Studio Version 17
VisualStudioVersion = 17.0.31903.59
MinimumVisualStudioVersion = 10.0.40219.1
Project("{2150E333-8FDC-42A3-9474-1A3956D46DE8}") = "src", "src", "{36CD6979-B6D2-470A-BD15-A17CECCA4156}"
EndProject
Project("{FAE04EC0-301F-11D3-BF4B-00C04F79EFBC}") = "Sage100Api.Contracts", "src\Sage100Api.Contracts\Sage100Api.Contracts.csproj", "{B14E4B3E-4A33-4656-8BB2-C59AC52FB942}"
EndProject
Project("{FAE04EC0-301F-11D3-BF4B-00C04F79EFBC}") = "Sage100Api", "src\Sage100Api\Sage100Api.csproj", "{4B5266A6-B34B-4AA0-BBD9-D8EE9615A90D}"
EndProject
Project("{FAE04EC0-301F-11D3-BF4B-00C04F79EFBC}") = "Sage100Api.Worker", "src\Sage100Api.Worker\Sage100Api.Worker.csproj", "{5E3A73E5-AA41-4DA4-B405-E68C7BA12A46}"
EndProject
Project("{2150E333-8FDC-42A3-9474-1A3956D46DE8}") = "tests", "tests", "{3FC23E5F-A0C9-46BC-A70A-BD940B81562B}"
EndProject
Project("{FAE04EC0-301F-11D3-BF4B-00C04F79EFBC}") = "Sage100Api.Tests", "tests\Sage100Api.Tests\Sage100Api.Tests.csproj", "{8A615FE4-EDCD-4149-BFA3-FA8703942E1B}"
EndProject
Global
	GlobalSection(SolutionConfigurationPlatforms) = preSolution
		Debug|Any CPU = Debug|Any CPU
		Release|Any CPU = Release|Any CPU
	EndGlobalSection
	GlobalSection(SolutionProperties) = preSolution
		HideSolutionNode = FALSE
	EndGlobalSection
	GlobalSection(ProjectConfigurationPlatforms) = postSolution
		{B14E4B3E-4A33-4656-8BB2-C59AC52FB942}.Debug|Any CPU.ActiveCfg = Debug|Any CPU
		{B14E4B3E-4A33-4656-8BB2-C59AC52FB942}.Debug|Any CPU.Build.0 = Debug|Any CPU
		{B14E4B3E-4A33-4656-8BB2-C59AC52FB942}.Release|Any CPU.ActiveCfg = Release|Any CPU
		{B14E4B3E-4A33-4656-8BB2-C59AC52FB942}.Release|Any CPU.Build.0 = Release|Any CPU
		{4B5266A6-B34B-4AA0-BBD9-D8EE9615A90D}.Debug|Any CPU.ActiveCfg = Debug|Any CPU
		{4B5266A6-B34B-4AA0-BBD9-D8EE9615A90D}.Debug|Any CPU.Build.0 = Debug|Any CPU
		{4B5266A6-B34B-4AA0-BBD9-D8EE9615A90D}.Release|Any CPU.ActiveCfg = Release|Any CPU
		{4B5266A6-B34B-4AA0-BBD9-D8EE9615A90D}.Release|Any CPU.Build.0 = Release|Any CPU
		{5E3A73E5-AA41-4DA4-B405-E68C7BA12A46}.Debug|Any CPU.ActiveCfg = Debug|Any CPU
		{5E3A73E5-AA41-4DA4-B405-E68C7BA12A46}.Debug|Any CPU.Build.0 = Debug|Any CPU
		{5E3A73E5-AA41-4DA4-B405-E68C7BA12A46}.Release|Any CPU.ActiveCfg = Release|Any CPU
		{5E3A73E5-AA41-4DA4-B405-E68C7BA12A46}.Release|Any CPU.Build.0 = Release|Any CPU
		{8A615FE4-EDCD-4149-BFA3-FA8703942E1B}.Debug|Any CPU.ActiveCfg = Debug|Any CPU
		{8A615FE4-EDCD-4149-BFA3-FA8703942E1B}.Debug|Any CPU.Build.0 = Debug|Any CPU
		{8A615FE4-EDCD-4149-BFA3-FA8703942E1B}.Release|Any CPU.ActiveCfg = Release|Any CPU
		{8A615FE4-EDCD-4149-BFA3-FA8703942E1B}.Release|Any CPU.Build.0 = Release|Any CPU
	EndGlobalSection
	GlobalSection(NestedProjects) = preSolution
		{B14E4B3E-4A33-4656-8BB2-C59AC52FB942} = {36CD6979-B6D2-470A-BD15-A17CECCA4156}
		{4B5266A6-B34B-4AA0-BBD9-D8EE9615A90D} = {36CD6979-B6D2-470A-BD15-A17CECCA4156}
		{5E3A73E5-AA41-4DA4-B405-E68C7BA12A46} = {36CD6979-B6D2-470A-BD15-A17CECCA4156}
		{8A615FE4-EDCD-4149-BFA3-FA8703942E1B} = {3FC23E5F-A0C9-46BC-A70A-BD940B81562B}
	EndGlobalSection
EndGlobal
